
Microsoft Visual Studio Solution File, Format Version 12.00
# Visual Studio Version 16
VisualStudioVersion = 16.0.31112.23
MinimumVisualStudioVersion = 10.0.40219.1
Project("{9A19103F-16F7-4668-BE54-9A1E7A4F7556}") = "IntegratorEHZ", "IntegratorEHZ\IntegratorEHZ.csproj", "{8996EBBB-497D-460B-9E6F-05463416E08A}"
EndProject
Global
	GlobalSection(SolutionConfigurationPlatforms) = preSolution
		Debug|Any CPU = Debug|Any CPU
		Release|Any CPU = Release|Any CPU
	EndGlobalSection
	GlobalSection(ProjectConfigurationPlatforms) = postSolution
		{8996EBBB-497D-460B-9E6F-05463416E08A}.Debug|Any CPU.ActiveCfg = Debug|Any CPU
		{8996EBBB-497D-460B-9E6F-05463416E08A}.Debug|Any CPU.Build.0 = Debug|Any CPU
		{8996EBBB-497D-460B-9E6F-05463416E08A}.Release|Any CPU.ActiveCfg = Release|Any CPU
		{8996EBBB-497D-460B-9E6F-05463416E08A}.Release|Any CPU.Build.0 = Release|Any CPU
	EndGlobalSection
	GlobalSection(SolutionProperties) = preSolution
		HideSolutionNode = FALSE
	EndGlobalSection
	GlobalSection(ExtensibilityGlobals) = postSolution
		SolutionGuid = {A7ECDEFF-B90E-4EC9-9E7A-C7EADABF85C1}
	EndGlobalSection
EndGlobal
